# This file was autogenerated by Stack.
# You should not edit this file by hand.
# For more information, please see the documentation at:
#   https://docs.haskellstack.org/en/stable/lock_files

packages:
- completed:
    hackage: mssql-simple-0.6.0.4@sha256:c95a6bc16307d42cb412d2e22d40b142b4663fc1b467e4dce867972c359e79e0,1966
    pantry-tree:
      sha256: 378426c3fa5243c1d1cd02e0c2e281c001fa31640dbb2d67f82ae2af32faa64f
      size: 1054
  original:
    hackage: mssql-simple-0.6.0.4
- completed:
    hackage: ms-tds-0.4.0.2@sha256:36e797163d40c513a1037c0468bf2a2113d3666ce9cb408c0ba4cad34fa959d4,2231
    pantry-tree:
      sha256: 1828a83cb040485fb6b167ac02ee5b223ceb3d5a88c7420aefb502e5e8c286fb
      size: 1369
  original:
    hackage: ms-tds-0.4.0.2
snapshots:
- completed:
    sha256: 401a0e813162ba62f04517f60c7d25e93a0f867f94a902421ebf07d1fb5a8c46
    size: 650044
    url: https://raw.githubusercontent.com/commercialhaskell/stackage-snapshots/master/lts/20/21.yaml
  original:
    url: https://raw.githubusercontent.com/commercialhaskell/stackage-snapshots/master/lts/20/21.yaml
